
Microsoft Visual Studio Solution File, Format Version 12.00
# Visual Studio Version 17
VisualStudioVersion = 17.0.31903.59
MinimumVisualStudioVersion = 10.0.40219.1
Project("{FAE04EC0-301F-11D3-BF4B-00C04F79EFBC}") = "Web.API", "Web.API\Web.API.csproj", "{9606EDFA-37FF-4B93-B4EE-4AC1FC6C2CCA}"
EndProject
Project("{FAE04EC0-301F-11D3-BF4B-00C04F79EFBC}") = "Application", "Application\Application.csproj", "{0ED40381-7394-4808-BA3B-8EEC05625086}"
EndProject
Project("{FAE04EC0-301F-11D3-BF4B-00C04F79EFBC}") = "Infraestructure", "Infraestructure\Infraestructure.csproj", "{0E694D6D-E5F3-4867-8CB7-5F0FF58505C6}"
EndProject
Global
	GlobalSection(SolutionConfigurationPlatforms) = preSolution
		Debug|Any CPU = Debug|Any CPU
		Release|Any CPU = Release|Any CPU
	EndGlobalSection
	GlobalSection(SolutionProperties) = preSolution
		HideSolutionNode = FALSE
	EndGlobalSection
	GlobalSection(ProjectConfigurationPlatforms) = postSolution
		{9606EDFA-37FF-4B93-B4EE-4AC1FC6C2CCA}.Debug|Any CPU.ActiveCfg = Debug|Any CPU
		{9606EDFA-37FF-4B93-B4EE-4AC1FC6C2CCA}.Debug|Any CPU.Build.0 = Debug|Any CPU
		{9606EDFA-37FF-4B93-B4EE-4AC1FC6C2CCA}.Release|Any CPU.ActiveCfg = Release|Any CPU
		{9606EDFA-37FF-4B93-B4EE-4AC1FC6C2CCA}.Release|Any CPU.Build.0 = Release|Any CPU
		{0ED40381-7394-4808-BA3B-8EEC05625086}.Debug|Any CPU.ActiveCfg = Debug|Any CPU
		{0ED40381-7394-4808-BA3B-8EEC05625086}.Debug|Any CPU.Build.0 = Debug|Any CPU
		{0ED40381-7394-4808-BA3B-8EEC05625086}.Release|Any CPU.ActiveCfg = Release|Any CPU
		{0ED40381-7394-4808-BA3B-8EEC05625086}.Release|Any CPU.Build.0 = Release|Any CPU
		{0E694D6D-E5F3-4867-8CB7-5F0FF58505C6}.Debug|Any CPU.ActiveCfg = Debug|Any CPU
		{0E694D6D-E5F3-4867-8CB7-5F0FF58505C6}.Debug|Any CPU.Build.0 = Debug|Any CPU
		{0E694D6D-E5F3-4867-8CB7-5F0FF58505C6}.Release|Any CPU.ActiveCfg = Release|Any CPU
		{0E694D6D-E5F3-4867-8CB7-5F0FF58505C6}.Release|Any CPU.Build.0 = Release|Any CPU
	EndGlobalSection
EndGlobal
